
Microsoft Visual Studio Solution File, Format Version 12.00
# Visual Studio 15
VisualStudioVersion = 15.0.28307.421
MinimumVisualStudioVersion = 10.0.40219.1
Project("{FAE04EC0-301F-11D3-BF4B-00C04F79EFBC}") = "Lab2", "Lab2\Lab2.csproj", "{C10E4A15-E6E0-4455-9557-3834EF064574}"
EndProject
Global
	GlobalSection(SolutionConfigurationPlatforms) = preSolution
		Debug|Any CPU = Debug|Any CPU
		Release|Any CPU = Release|Any CPU
	EndGlobalSection
	GlobalSection(ProjectConfigurationPlatforms) = postSolution
		{C10E4A15-E6E0-4455-9557-3834EF064574}.Debug|Any CPU.ActiveCfg = Debug|Any CPU
		{C10E4A15-E6E0-4455-9557-3834EF064574}.Debug|Any CPU.Build.0 = Debug|Any CPU
		{C10E4A15-E6E0-4455-9557-3834EF064574}.Release|Any CPU.ActiveCfg = Release|Any CPU
		{C10E4A15-E6E0-4455-9557-3834EF064574}.Release|Any CPU.Build.0 = Release|Any CPU
	EndGlobalSection
	GlobalSection(SolutionProperties) = preSolution
		HideSolutionNode = FALSE
	EndGlobalSection
	GlobalSection(ExtensibilityGlobals) = postSolution
		SolutionGuid = {7E578E0F-C52F-4D79-9DA2-85A1CEB7C009}
	EndGlobalSection
EndGlobal
